
Microsoft Visual Studio Solution File, Format Version 12.00
# Visual Studio Version 17
VisualStudioVersion = 17.9.34728.123
MinimumVisualStudioVersion = 10.0.40219.1
Project("{FAE04EC0-301F-11D3-BF4B-00C04F79EFBC}") = "project-GameMinesweeper-CSharp", "project-GameMinesweeper-CSharp.csproj", "{B1954585-0A4C-44C8-BB90-5CBD74408F77}"
EndProject
Global
	GlobalSection(SolutionConfigurationPlatforms) = preSolution
		Debug|Any CPU = Debug|Any CPU
		Release|Any CPU = Release|Any CPU
	EndGlobalSection
	GlobalSection(ProjectConfigurationPlatforms) = postSolution
		{B1954585-0A4C-44C8-BB90-5CBD74408F77}.Debug|Any CPU.ActiveCfg = Debug|Any CPU
		{B1954585-0A4C-44C8-BB90-5CBD74408F77}.Debug|Any CPU.Build.0 = Debug|Any CPU
		{B1954585-0A4C-44C8-BB90-5CBD74408F77}.Release|Any CPU.ActiveCfg = Release|Any CPU
		{B1954585-0A4C-44C8-BB90-5CBD74408F77}.Release|Any CPU.Build.0 = Release|Any CPU
	EndGlobalSection
	GlobalSection(SolutionProperties) = preSolution
		HideSolutionNode = FALSE
	EndGlobalSection
	GlobalSection(ExtensibilityGlobals) = postSolution
		SolutionGuid = {28698F1D-DA58-4BD2-8984-608247407D9F}
	EndGlobalSection
EndGlobal
